// !$*UTF8*$!
{
	archiveVersion = 1;
	classes = {
	};
	objectVersion = 56;
	objects = {

/* Begin PBXBuildFile section */
		05F4070A2A470908008D980B /* ContactListApp.swift in Sources */ = {isa = PBXBuildFile; fileRef = 05F407092A470908008D980B /* ContactListApp.swift */; };
		05F4070C2A470908008D980B /* ContentView.swift in Sources */ = {isa = PBXBuildFile; fileRef = 05F4070B2A470908008D980B /* ContentView.swift */; };
		05F4070E2A470909008D980B /* Assets.xcassets in Resources */ = {isa = PBXBuildFile; fileRef = 05F4070D2A470909008D980B /* Assets.xcassets */; };
		05F407112A470909008D980B /* Preview Assets.xcassets in Resources */ = {isa = PBXBuildFile; fileRef = 05F407102A470909008D980B /* Preview Assets.xcassets */; };
		05F407192A470A28008D980B /* DataStore.swift in Sources */ = {isa = PBXBuildFile; fileRef = 05F407182A470A28008D980B /* DataStore.swift */; };
		05F4071C2A470A68008D980B /* Person.swift in Sources */ = {isa = PBXBuildFile; fileRef = 05F4071B2A470A68008D980B /* Person.swift */; };
		05F4071F2A470D45008D980B /* HomeScreenView.swift in Sources */ = {isa = PBXBuildFile; fileRef = 05F4071E2A470D45008D980B /* HomeScreenView.swift */; };
		05F407212A470E30008D980B /* NumbersView.swift in Sources */ = {isa = PBXBuildFile; fileRef = 05F407202A470E30008D980B /* NumbersView.swift */; };
		05F407232A470EBE008D980B /* ContactDetailsView.swift in Sources */ = {isa = PBXBuildFile; fileRef = 05F407222A470EBE008D980B /* ContactDetailsView.swift */; };
		05F407252A470F32008D980B /* ContactRowView.swift in Sources */ = {isa = PBXBuildFile; fileRef = 05F407242A470F32008D980B /* ContactRowView.swift */; };
/* End PBXBuildFile section */

/* Begin PBXFileReference section */
		05F407062A470908008D980B /* ContactList.app */ = {isa = PBXFileReference; explicitFileType = wrapper.application; includeInIndex = 0; path = ContactList.app; sourceTree = BUILT_PRODUCTS_DIR; };
		05F407092A470908008D980B /* ContactListApp.swift */ = {isa = PBXFileReference; lastKnownFileType = sourcecode.swift; path = ContactListApp.swift; sourceTree = "<group>"; };
		05F4070B2A470908008D980B /* ContentView.swift */ = {isa = PBXFileReference; lastKnownFileType = sourcecode.swift; path = ContentView.swift; sourceTree = "<group>"; };
		05F4070D2A470909008D980B /* Assets.xcassets */ = {isa = PBXFileReference; lastKnownFileType = folder.assetcatalog; path = Assets.xcassets; sourceTree = "<group>"; };
		05F407102A470909008D980B /* Preview Assets.xcassets */ = {isa = PBXFileReference; lastKnownFileType = folder.assetcatalog; path = "Preview Assets.xcassets"; sourceTree = "<group>"; };
		05F407182A470A28008D980B /* DataStore.swift */ = {isa = PBXFileReference; lastKnownFileType = sourcecode.swift; path = DataStore.swift; sourceTree = "<group>"; };
		05F4071B2A470A68008D980B /* Person.swift */ = {isa = PBXFileReference; lastKnownFileType = sourcecode.swift; path = Person.swift; sourceTree = "<group>"; };
		05F4071E2A470D45008D980B /* HomeScreenView.swift */ = {isa = PBXFileReference; lastKnownFileType = sourcecode.swift; path = HomeScreenView.swift; sourceTree = "<group>"; };
		05F407202A470E30008D980B /* NumbersView.swift */ = {isa = PBXFileReference; lastKnownFileType = sourcecode.swift; path = NumbersView.swift; sourceTree = "<group>"; };
		05F407222A470EBE008D980B /* ContactDetailsView.swift */ = {isa = PBXFileReference; lastKnownFileType = sourcecode.swift; path = ContactDetailsView.swift; sourceTree = "<group>"; };
		05F407242A470F32008D980B /* ContactRowView.swift */ = {isa = PBXFileReference; lastKnownFileType = sourcecode.swift; path = ContactRowView.swift; sourceTree = "<group>"; };
/* End PBXFileReference section */

/* Begin PBXFrameworksBuildPhase section */
		05F407032A470908008D980B /* Frameworks */ = {
			isa = PBXFrameworksBuildPhase;
			buildActionMask = 2147483647;
			files = (
			);
			runOnlyForDeploymentPostprocessing = 0;
		};
/* End PBXFrameworksBuildPhase section */

/* Begin PBXGroup section */
		05F406FD2A470908008D980B = {
			isa = PBXGroup;
			children = (
				05F407082A470908008D980B /* ContactList */,
				05F407072A470908008D980B /* Products */,
			);
			sourceTree = "<group>";
		};
		05F407072A470908008D980B /* Products */ = {
			isa = PBXGroup;
			children = (
				05F407062A470908008D980B /* ContactList.app */,
			);
			name = Products;
			sourceTree = "<group>";
		};
		05F407082A470908008D980B /* ContactList */ = {
			isa = PBXGroup;
			children = (
				05F407092A470908008D980B /* ContactListApp.swift */,
				05F4071D2A470D2A008D980B /* Views */,
				05F4071A2A470A55008D980B /* Models */,
				05F407172A470A14008D980B /* Services */,
				05F4070D2A470909008D980B /* Assets.xcassets */,
				05F4070F2A470909008D980B /* Preview Content */,
			);
			path = ContactList;
			sourceTree = "<group>";
		};
		05F4070F2A470909008D980B /* Preview Content */ = {
			isa = PBXGroup;
			children = (
				05F407102A470909008D980B /* Preview Assets.xcassets */,
			);
			path = "Preview Content";
			sourceTree = "<group>";
		};
		05F407172A470A14008D980B /* Services */ = {
			isa = PBXGroup;
			children = (
				05F407182A470A28008D980B /* DataStore.swift */,
			);
			path = Services;
			sourceTree = "<group>";
		};
		05F4071A2A470A55008D980B /* Models */ = {
			isa = PBXGroup;
			children = (
				05F4071B2A470A68008D980B /* Person.swift */,
			);
			path = Models;
			sourceTree = "<group>";
		};
		05F4071D2A470D2A008D980B /* Views */ = {
			isa = PBXGroup;
			children = (
				05F4070B2A470908008D980B /* ContentView.swift */,
				05F4071E2A470D45008D980B /* HomeScreenView.swift */,
				05F407202A470E30008D980B /* NumbersView.swift */,
				05F407222A470EBE008D980B /* ContactDetailsView.swift */,
				05F407242A470F32008D980B /* ContactRowView.swift */,
			);
			path = Views;
			sourceTree = "<group>";
		};
/* End PBXGroup section */

/* Begin PBXNativeTarget section */
		05F407052A470908008D980B /* ContactList */ = {
			isa = PBXNativeTarget;
			buildConfigurationList = 05F407142A470909008D980B /* Build configuration list for PBXNativeTarget "ContactList" */;
			buildPhases = (
				05F407022A470908008D980B /* Sources */,
				05F407032A470908008D980B /* Frameworks */,
				05F407042A470908008D980B /* Resources */,
			);
			buildRules = (
			);
			dependencies = (
			);
			name = ContactList;
			productName = ContactList;
			productReference = 05F407062A470908008D980B /* ContactList.app */;
			productType = "com.apple.product-type.application";
		};
/* End PBXNativeTarget section */

/* Begin PBXProject section */
		05F406FE2A470908008D980B /* Project object */ = {
			isa = PBXProject;
			attributes = {
				BuildIndependentTargetsInParallel = 1;
				LastSwiftUpdateCheck = 1430;
				LastUpgradeCheck = 1430;
				TargetAttributes = {
					05F407052A470908008D980B = {
						CreatedOnToolsVersion = 14.3.1;
					};
				};
			};
			buildConfigurationList = 05F407012A470908008D980B /* Build configuration list for PBXProject "ContactList" */;
			compatibilityVersion = "Xcode 14.0";
			developmentRegion = en;
			hasScannedForEncodings = 0;
			knownRegions = (
				en,
				Base,
			);
			mainGroup = 05F406FD2A470908008D980B;
			productRefGroup = 05F407072A470908008D980B /* Products */;
			projectDirPath = "";
			projectRoot = "";
			targets = (
				05F407052A470908008D980B /* ContactList */,
			);
		};
/* End PBXProject section */

/* Begin PBXResourcesBuildPhase section */
		05F407042A470908008D980B /* Resources */ = {
			isa = PBXResourcesBuildPhase;
			buildActionMask = 2147483647;
			files = (
				05F407112A470909008D980B /* Preview Assets.xcassets in Resources */,
				05F4070E2A470909008D980B /* Assets.xcassets in Resources */,
			);
			runOnlyForDeploymentPostprocessing = 0;
		};
/* End PBXResourcesBuildPhase section */

/* Begin PBXSourcesBuildPhase section */
		05F407022A470908008D980B /* Sources */ = {
			isa = PBXSourcesBuildPhase;
			buildActionMask = 2147483647;
			files = (
				05F4070C2A470908008D980B /* ContentView.swift in Sources */,
				05F407192A470A28008D980B /* DataStore.swift in Sources */,
				05F4071F2A470D45008D980B /* HomeScreenView.swift in Sources */,
				05F407232A470EBE008D980B /* ContactDetailsView.swift in Sources */,
				05F407212A470E30008D980B /* NumbersView.swift in Sources */,
				05F4071C2A470A68008D980B /* Person.swift in Sources */,
				05F407252A470F32008D980B /* ContactRowView.swift in Sources */,
				05F4070A2A470908008D980B /* ContactListApp.swift in Sources */,
			);
			runOnlyForDeploymentPostprocessing = 0;
		};
/* End PBXSourcesBuildPhase section */

/* Begin XCBuildConfiguration section */
		05F407122A470909008D980B /* Debug */ = {
			isa = XCBuildConfiguration;
			buildSettings = {
				ALWAYS_SEARCH_USER_PATHS = NO;
				CLANG_ANALYZER_NONNULL = YES;
				CLANG_ANALYZER_NUMBER_OBJECT_CONVERSION = YES_AGGRESSIVE;
				CLANG_CXX_LANGUAGE_STANDARD = "gnu++20";
				CLANG_ENABLE_MODULES = YES;
				CLANG_ENABLE_OBJC_ARC = YES;
				CLANG_ENABLE_OBJC_WEAK = YES;
				CLANG_WARN_BLOCK_CAPTURE_AUTORELEASING = YES;
				CLANG_WARN_BOOL_CONVERSION = YES;
				CLANG_WARN_COMMA = YES;
				CLANG_WARN_CONSTANT_CONVERSION = YES;
				CLANG_WARN_DEPRECATED_OBJC_IMPLEMENTATIONS = YES;
				CLANG_WARN_DIRECT_OBJC_ISA_USAGE = YES_ERROR;
				CLANG_WARN_DOCUMENTATION_COMMENTS = YES;
				CLANG_WARN_EMPTY_BODY = YES;
				CLANG_WARN_ENUM_CONVERSION = YES;
				CLANG_WARN_INFINITE_RECURSION = YES;
				CLANG_WARN_INT_CONVERSION = YES;
				CLANG_WARN_NON_LITERAL_NULL_CONVERSION = YES;
				CLANG_WARN_OBJC_IMPLICIT_RETAIN_SELF = YES;
				CLANG_WARN_OBJC_LITERAL_CONVERSION = YES;
				CLANG_WARN_OBJC_ROOT_CLASS = YES_ERROR;
				CLANG_WARN_QUOTED_INCLUDE_IN_FRAMEWORK_HEADER = YES;
				CLANG_WARN_RANGE_LOOP_ANALYSIS = YES;
				CLANG_WARN_STRICT_PROTOTYPES = YES;
				CLANG_WARN_SUSPICIOUS_MOVE = YES;
				CLANG_WARN_UNGUARDED_AVAILABILITY = YES_AGGRESSIVE;
				CLANG_WARN_UNREACHABLE_CODE = YES;
				CLANG_WARN__DUPLICATE_METHOD_MATCH = YES;
				COPY_PHASE_STRIP = NO;
				DEBUG_INFORMATION_FORMAT = dwarf;
				ENABLE_STRICT_OBJC_MSGSEND = YES;
				ENABLE_TESTABILITY = YES;
				GCC_C_LANGUAGE_STANDARD = gnu11;
				GCC_DYNAMIC_NO_PIC = NO;
				GCC_NO_COMMON_BLOCKS = YES;
				GCC_OPTIMIZATION_LEVEL = 0;
				GCC_PREPROCESSOR_DEFINITIONS = (
					"DEBUG=1",
					"$(inherited)",
				);
				GCC_WARN_64_TO_32_BIT_CONVERSION = YES;
				GCC_WARN_ABOUT_RETURN_TYPE = YES_ERROR;
				GCC_WARN_UNDECLARED_SELECTOR = YES;
				GCC_WARN_UNINITIALIZED_AUTOS = YES_AGGRESSIVE;
				GCC_WARN_UNUSED_FUNCTION = YES;
				GCC_WARN_UNUSED_VARIABLE = YES;
				IPHONEOS_DEPLOYMENT_TARGET = 16.4;
				MTL_ENABLE_DEBUG_INFO = INCLUDE_SOURCE;
				MTL_FAST_MATH = YES;
				ONLY_ACTIVE_ARCH = YES;
				SDKROOT = iphoneos;
				SWIFT_ACTIVE_COMPILATION_CONDITIONS = DEBUG;
				SWIFT_OPTIMIZATION_LEVEL = "-Onone";
			};
			name = Debug;
		};
		05F407132A470909008D980B /* Release */ = {
			isa = XCBuildConfiguration;
			buildSettings = {
				ALWAYS_SEARCH_USER_PATHS = NO;
				CLANG_ANALYZER_NONNULL = YES;
				CLANG_ANALYZER_NUMBER_OBJECT_CONVERSION = YES_AGGRESSIVE;
				CLANG_CXX_LANGUAGE_STANDARD = "gnu++20";
				CLANG_ENABLE_MODULES = YES;
				CLANG_ENABLE_OBJC_ARC = YES;
				CLANG_ENABLE_OBJC_WEAK = YES;
				CLANG_WARN_BLOCK_CAPTURE_AUTORELEASING = YES;
				CLANG_WARN_BOOL_CONVERSION = YES;
				CLANG_WARN_COMMA = YES;
				CLANG_WARN_CONSTANT_CONVERSION = YES;
				CLANG_WARN_DEPRECATED_OBJC_IMPLEMENTATIONS = YES;
				CLANG_WARN_DIRECT_OBJC_ISA_USAGE = YES_ERROR;
				CLANG_WARN_DOCUMENTATION_COMMENTS = YES;
				CLANG_WARN_EMPTY_BODY = YES;
				CLANG_WARN_ENUM_CONVERSION = YES;
				CLANG_WARN_INFINITE_RECURSION = YES;
				CLANG_WARN_INT_CONVERSION = YES;
				CLANG_WARN_NON_LITERAL_NULL_CONVERSION = YES;
				CLANG_WARN_OBJC_IMPLICIT_RETAIN_SELF = YES;
				CLANG_WARN_OBJC_LITERAL_CONVERSION = YES;
				CLANG_WARN_OBJC_ROOT_CLASS = YES_ERROR;
				CLANG_WARN_QUOTED_INCLUDE_IN_FRAMEWORK_HEADER = YES;
				CLANG_WARN_RANGE_LOOP_ANALYSIS = YES;
				CLANG_WARN_STRICT_PROTOTYPES = YES;
				CLANG_WARN_SUSPICIOUS_MOVE = YES;
				CLANG_WARN_UNGUARDED_AVAILABILITY = YES_AGGRESSIVE;
				CLANG_WARN_UNREACHABLE_CODE = YES;
				CLANG_WARN__DUPLICATE_METHOD_MATCH = YES;
				COPY_PHASE_STRIP = NO;
				DEBUG_INFORMATION_FORMAT = "dwarf-with-dsym";
				ENABLE_NS_ASSERTIONS = NO;
				ENABLE_STRICT_OBJC_MSGSEND = YES;
				GCC_C_LANGUAGE_STANDARD = gnu11;
				GCC_NO_COMMON_BLOCKS = YES;
				GCC_WARN_64_TO_32_BIT_CONVERSION = YES;
				GCC_WARN_ABOUT_RETURN_TYPE = YES_ERROR;
				GCC_WARN_UNDECLARED_SELECTOR = YES;
				GCC_WARN_UNINITIALIZED_AUTOS = YES_AGGRESSIVE;
				GCC_WARN_UNUSED_FUNCTION = YES;
				GCC_WARN_UNUSED_VARIABLE = YES;
				IPHONEOS_DEPLOYMENT_TARGET = 16.4;
				MTL_ENABLE_DEBUG_INFO = NO;
				MTL_FAST_MATH = YES;
				SDKROOT = iphoneos;
				SWIFT_COMPILATION_MODE = wholemodule;
				SWIFT_OPTIMIZATION_LEVEL = "-O";
				VALIDATE_PRODUCT = YES;
			};
			name = Release;
		};
		05F407152A470909008D980B /* Debug */ = {
			isa = XCBuildConfiguration;
			buildSettings = {
				ASSETCATALOG_COMPILER_APPICON_NAME = AppIcon;
				ASSETCATALOG_COMPILER_GLOBAL_ACCENT_COLOR_NAME = AccentColor;
				CODE_SIGN_STYLE = Automatic;
				CURRENT_PROJECT_VERSION = 1;
				DEVELOPMENT_ASSET_PATHS = "\"ContactList/Preview Content\"";
				DEVELOPMENT_TEAM = 9XFJYF5H6L;
				ENABLE_PREVIEWS = YES;
				GENERATE_INFOPLIST_FILE = YES;
				INFOPLIST_KEY_UIApplicationSceneManifest_Generation = YES;
				INFOPLIST_KEY_UIApplicationSupportsIndirectInputEvents = YES;
				INFOPLIST_KEY_UILaunchScreen_Generation = YES;
				INFOPLIST_KEY_UISupportedInterfaceOrientations_iPad = "UIInterfaceOrientationPortrait UIInterfaceOrientationPortraitUpsideDown UIInterfaceOrientationLandscapeLeft UIInterfaceOrientationLandscapeRight";
				INFOPLIST_KEY_UISupportedInterfaceOrientations_iPhone = "UIInterfaceOrientationPortrait UIInterfaceOrientationLandscapeLeft UIInterfaceOrientationLandscapeRight";
				LD_RUNPATH_SEARCH_PATHS = (
					"$(inherited)",
					"@executable_path/Frameworks",
				);
				MARKETING_VERSION = 1.0;
				PRODUCT_BUNDLE_IDENTIFIER = JK.ContactList;
				PRODUCT_NAME = "$(TARGET_NAME)";
				SWIFT_EMIT_LOC_STRINGS = YES;
				SWIFT_VERSION = 5.0;
				TARGETED_DEVICE_FAMILY = "1,2";
			};
			name = Debug;
		};
		05F407162A470909008D980B /* Release */ = {
			isa = XCBuildConfiguration;
			buildSettings = {
				ASSETCATALOG_COMPILER_APPICON_NAME = AppIcon;
				ASSETCATALOG_COMPILER_GLOBAL_ACCENT_COLOR_NAME = AccentColor;
				CODE_SIGN_STYLE = Automatic;
				CURRENT_PROJECT_VERSION = 1;
				DEVELOPMENT_ASSET_PATHS = "\"ContactList/Preview Content\"";
				DEVELOPMENT_TEAM = 9XFJYF5H6L;
				ENABLE_PREVIEWS = YES;
				GENERATE_INFOPLIST_FILE = YES;
				INFOPLIST_KEY_UIApplicationSceneManifest_Generation = YES;
				INFOPLIST_KEY_UIApplicationSupportsIndirectInputEvents = YES;
				INFOPLIST_KEY_UILaunchScreen_Generation = YES;
				INFOPLIST_KEY_UISupportedInterfaceOrientations_iPad = "UIInterfaceOrientationPortrait UIInterfaceOrientationPortraitUpsideDown UIInterfaceOrientationLandscapeLeft UIInterfaceOrientationLandscapeRight";
				INFOPLIST_KEY_UISupportedInterfaceOrientations_iPhone = "UIInterfaceOrientationPortrait UIInterfaceOrientationLandscapeLeft UIInterfaceOrientationLandscapeRight";
				LD_RUNPATH_SEARCH_PATHS = (
					"$(inherited)",
					"@executable_path/Frameworks",
				);
				MARKETING_VERSION = 1.0;
				PRODUCT_BUNDLE_IDENTIFIER = JK.ContactList;
				PRODUCT_NAME = "$(TARGET_NAME)";
				SWIFT_EMIT_LOC_STRINGS = YES;
				SWIFT_VERSION = 5.0;
				TARGETED_DEVICE_FAMILY = "1,2";
			};
			name = Release;
		};
/* End XCBuildConfiguration section */

/* Begin XCConfigurationList section */
		05F407012A470908008D980B /* Build configuration list for PBXProject "ContactList" */ = {
			isa = XCConfigurationList;
			buildConfigurations = (
				05F407122A470909008D980B /* Debug */,
				05F407132A470909008D980B /* Release */,
			);
			defaultConfigurationIsVisible = 0;
			defaultConfigurationName = Release;
		};
		05F407142A470909008D980B /* Build configuration list for PBXNativeTarget "ContactList" */ = {
			isa = XCConfigurationList;
			buildConfigurations = (
				05F407152A470909008D980B /* Debug */,
				05F407162A470909008D980B /* Release */,
			);
			defaultConfigurationIsVisible = 0;
			defaultConfigurationName = Release;
		};
/* End XCConfigurationList section */
	};
	rootObject = 05F406FE2A470908008D980B /* Project object */;
}
